%{
  "acceptor_pool": {:hex, :acceptor_pool, "1.0.0", "43c20d2acae35f0c2bcd64f9d2bde267e459f0f3fd23dab26485bf518c281b21", [:rebar3], [], "hexpm", "0cbcd83fdc8b9ad2eee2067ef8b91a14858a5883cb7cd800e6fcd5803e158788"},
  "chatterbox": {:hex, :ts_chatterbox, "0.11.0", "b8f372c706023eb0de5bf2976764edb27c70fe67052c88c1f6a66b3a5626847f", [:rebar3], [{:hpack, "~>0.2.3", [hex: :hpack_erl, repo: "hexpm", optional: false]}], "hexpm", "722fe2bad52913ab7e87d849fc6370375f0c961ffb2f0b5e6d647c9170c382a6"},
  "ctx": {:hex, :ctx, "0.6.0", "8ff88b70e6400c4df90142e7f130625b82086077a45364a78d208ed3ed53c7fe", [:rebar3], [], "hexpm", "a14ed2d1b67723dbebbe423b28d7615eb0bdcba6ff28f2d1f1b0a7e1d4aa5fc2"},
  "gproc": {:hex, :gproc, "0.8.0", "cea02c578589c61e5341fce149ea36ccef236cc2ecac8691fba408e7ea77ec2f", [:rebar3], [], "hexpm", "580adafa56463b75263ef5a5df4c86af321f68694e7786cb057fd805d1e2a7de"},
  "grpcbox": {:hex, :grpcbox, "0.14.0", "3eb321bcd2275baf8b54cf381feb7b0559a50c02544de28fda039c7f2f9d1a7a", [:rebar3], [{:acceptor_pool, "~>1.0.0", [hex: :acceptor_pool, repo: "hexpm", optional: false]}, {:chatterbox, "~>0.11.0", [hex: :ts_chatterbox, repo: "hexpm", optional: false]}, {:ctx, "~>0.6.0", [hex: :ctx, repo: "hexpm", optional: false]}, {:gproc, "~>0.8.0", [hex: :gproc, repo: "hexpm", optional: false]}], "hexpm", "e24159b7b6d3f9869bbe528845c0125fed2259366ba908fd04a1f45fe81d0660"},
  "hpack": {:hex, :hpack_erl, "0.2.3", "17670f83ff984ae6cd74b1c456edde906d27ff013740ee4d9efaa4f1bf999633", [:rebar3], [], "hexpm", "06f580167c4b8b8a6429040df36cc93bba6d571faeaec1b28816523379cbb23a"},
  "opentelemetry": {:hex, :opentelemetry, "1.0.0-rc.1", "80cdd08e8f6ce15d92f5cd1c4c2d442f6835fcb42f9324a55e67d6b47c27e4bc", [:rebar3], [{:opentelemetry_api, "~> 1.0.0-rc.1", [hex: :opentelemetry_api, repo: "hexpm", optional: false]}], "hexpm", "698fed4e8dfe57f03590d6439ed07cf9797c2101a74ffecb8f6e83565ec193cb"},
  "opentelemetry_api": {:hex, :opentelemetry_api, "1.0.0-rc.1", "8be0d75a467d5b903214c59f2d01dff81969e1ea5d7d75a790b605daaa7b36b9", [:mix, :rebar3], [], "hexpm", "22cfad076849c138b8a4b5f0170f7c87178ea9cff7a76f3137e8d93071a1d808"},
  "opentelemetry_exporter": {:hex, :opentelemetry_exporter, "1.0.0-rc.1", "e3abedac6636b27c1132fa78782356fc43407b03a7a1eb6f10c8cbc10f4e1d73", [:rebar3], [{:grpcbox, "~>0.14.0", [hex: :grpcbox, repo: "hexpm", optional: false]}, {:opentelemetry, "~> 1.0.0-rc.1", [hex: :opentelemetry, repo: "hexpm", optional: false]}, {:opentelemetry_api, "~> 1.0.0-rc.1", [hex: :opentelemetry_api, repo: "hexpm", optional: false]}], "hexpm", "c35dc739fb87206decb4982c949029a2476e89de73ec93cb19bb4e6dafe501d7"},
}
